
Microsoft Visual Studio Solution File, Format Version 12.00
# Visual Studio 2012
Project("{FAE04EC0-301F-11D3-BF4B-00C04F79EFBC}") = "ProgAvanzada-ProyectoFinal", "ProgAvanzada-ProyectoFinal\ProgAvanzada-ProyectoFinal.csproj", "{A57F7098-E33E-4B65-9E2A-E6A498F08E63}"
EndProject
Global
	GlobalSection(SolutionConfigurationPlatforms) = preSolution
		Debug|Any CPU = Debug|Any CPU
		Release|Any CPU = Release|Any CPU
	EndGlobalSection
	GlobalSection(ProjectConfigurationPlatforms) = postSolution
		{A57F7098-E33E-4B65-9E2A-E6A498F08E63}.Debug|Any CPU.ActiveCfg = Debug|Any CPU
		{A57F7098-E33E-4B65-9E2A-E6A498F08E63}.Debug|Any CPU.Build.0 = Debug|Any CPU
		{A57F7098-E33E-4B65-9E2A-E6A498F08E63}.Release|Any CPU.ActiveCfg = Release|Any CPU
		{A57F7098-E33E-4B65-9E2A-E6A498F08E63}.Release|Any CPU.Build.0 = Release|Any CPU
	EndGlobalSection
	GlobalSection(SolutionProperties) = preSolution
		HideSolutionNode = FALSE
	EndGlobalSection
EndGlobal
